// !$*UTF8*$!
{
	archiveVersion = 1;
	classes = {
	};
	objectVersion = 51;
	objects = {

/* Begin PBXBuildFile section */
		5F30D5A86A71D0BB0369055C /* Pods_TestTaskPecode.framework in Frameworks */ = {isa = PBXBuildFile; fileRef = EC814B47745288A00CA5C401 /* Pods_TestTaskPecode.framework */; };
		AB0930672703743C00605EED /* NameableAndIdentifiable.swift in Sources */ = {isa = PBXBuildFile; fileRef = AB0930662703743C00605EED /* NameableAndIdentifiable.swift */; };
		AB1500A8270AFAF600268417 /* FavoriteNewsData.swift in Sources */ = {isa = PBXBuildFile; fileRef = AB1500A7270AFAF600268417 /* FavoriteNewsData.swift */; };
		AB4E051F2705B8C100219B1B /* NewsTableViewCell.swift in Sources */ = {isa = PBXBuildFile; fileRef = AB4E051E2705B8C100219B1B /* NewsTableViewCell.swift */; };
		AB4E0521270609F800219B1B /* ActivityIndicator.swift in Sources */ = {isa = PBXBuildFile; fileRef = AB4E0520270609F800219B1B /* ActivityIndicator.swift */; };
		AB52C78B26FDDBE800278771 /* SearchModel.swift in Sources */ = {isa = PBXBuildFile; fileRef = AB52C78A26FDDBE800278771 /* SearchModel.swift */; };
		AB52C78D26FDE00A00278771 /* SearchModelController.swift in Sources */ = {isa = PBXBuildFile; fileRef = AB52C78C26FDE00A00278771 /* SearchModelController.swift */; };
		AB6ED5E9270738CF00421DAD /* LoadingCell.swift in Sources */ = {isa = PBXBuildFile; fileRef = AB6ED5E8270738CF00421DAD /* LoadingCell.swift */; };
		AB70066C26F33BD4008D64CE /* Article.swift in Sources */ = {isa = PBXBuildFile; fileRef = AB70066B26F33BD4008D64CE /* Article.swift */; };
		AB70066E26F33BE4008D64CE /* NewsAPIResponses.swift in Sources */ = {isa = PBXBuildFile; fileRef = AB70066D26F33BE4008D64CE /* NewsAPIResponses.swift */; };
		AB70067026F33C27008D64CE /* Source.swift in Sources */ = {isa = PBXBuildFile; fileRef = AB70066F26F33C27008D64CE /* Source.swift */; };
		AB70067226F33C4C008D64CE /* SortBy.swift in Sources */ = {isa = PBXBuildFile; fileRef = AB70067126F33C4C008D64CE /* SortBy.swift */; };
		AB70067426F33D28008D64CE /* Category.swift in Sources */ = {isa = PBXBuildFile; fileRef = AB70067326F33D28008D64CE /* Category.swift */; };
		AB70067626F33D3E008D64CE /* Country.swift in Sources */ = {isa = PBXBuildFile; fileRef = AB70067526F33D3E008D64CE /* Country.swift */; };
		ABB5F1C226F2526100EA04C7 /* AppDelegate.swift in Sources */ = {isa = PBXBuildFile; fileRef = ABB5F1C126F2526100EA04C7 /* AppDelegate.swift */; };
		ABB5F1C426F2526100EA04C7 /* SceneDelegate.swift in Sources */ = {isa = PBXBuildFile; fileRef = ABB5F1C326F2526100EA04C7 /* SceneDelegate.swift */; };
		ABB5F1C626F2526100EA04C7 /* MainViewController.swift in Sources */ = {isa = PBXBuildFile; fileRef = ABB5F1C526F2526100EA04C7 /* MainViewController.swift */; };
		ABB5F1C926F2526100EA04C7 /* Main.storyboard in Resources */ = {isa = PBXBuildFile; fileRef = ABB5F1C726F2526100EA04C7 /* Main.storyboard */; };
		ABB5F1CB26F2526400EA04C7 /* Assets.xcassets in Resources */ = {isa = PBXBuildFile; fileRef = ABB5F1CA26F2526400EA04C7 /* Assets.xcassets */; };
		ABB5F1CE26F2526400EA04C7 /* LaunchScreen.storyboard in Resources */ = {isa = PBXBuildFile; fileRef = ABB5F1CC26F2526400EA04C7 /* LaunchScreen.storyboard */; };
		ABB5F1DB26F26E9100EA04C7 /* NewsAPIClient.swift in Sources */ = {isa = PBXBuildFile; fileRef = ABB5F1DA26F26E9100EA04C7 /* NewsAPIClient.swift */; };
		ABD60E6027099CB8003FC299 /* FavoritesViewController.swift in Sources */ = {isa = PBXBuildFile; fileRef = ABD60E5F27099CB8003FC299 /* FavoritesViewController.swift */; };
		ABEA17D726F4AC370013B5D0 /* FilterPopoverViewController.swift in Sources */ = {isa = PBXBuildFile; fileRef = ABEA17D626F4AC370013B5D0 /* FilterPopoverViewController.swift */; };
		ABF1C3E82707531E00959F93 /* NewsTableViewCell.xib in Resources */ = {isa = PBXBuildFile; fileRef = ABF1C3E72707531E00959F93 /* NewsTableViewCell.xib */; };
		ABF1C3EC270772A900959F93 /* CustomViewController.swift in Sources */ = {isa = PBXBuildFile; fileRef = ABF1C3EB270772A900959F93 /* CustomViewController.swift */; };
/* End PBXBuildFile section */

/* Begin PBXFileReference section */
		AB0930662703743C00605EED /* NameableAndIdentifiable.swift */ = {isa = PBXFileReference; lastKnownFileType = sourcecode.swift; path = NameableAndIdentifiable.swift; sourceTree = "<group>"; };
		AB1500A7270AFAF600268417 /* FavoriteNewsData.swift */ = {isa = PBXFileReference; lastKnownFileType = sourcecode.swift; path = FavoriteNewsData.swift; sourceTree = "<group>"; };
		AB4E051E2705B8C100219B1B /* NewsTableViewCell.swift */ = {isa = PBXFileReference; lastKnownFileType = sourcecode.swift; path = NewsTableViewCell.swift; sourceTree = "<group>"; };
		AB4E0520270609F800219B1B /* ActivityIndicator.swift */ = {isa = PBXFileReference; lastKnownFileType = sourcecode.swift; path = ActivityIndicator.swift; sourceTree = "<group>"; };
		AB52C78A26FDDBE800278771 /* SearchModel.swift */ = {isa = PBXFileReference; lastKnownFileType = sourcecode.swift; path = SearchModel.swift; sourceTree = "<group>"; };
		AB52C78C26FDE00A00278771 /* SearchModelController.swift */ = {isa = PBXFileReference; lastKnownFileType = sourcecode.swift; path = SearchModelController.swift; sourceTree = "<group>"; };
		AB6ED5E8270738CF00421DAD /* LoadingCell.swift */ = {isa = PBXFileReference; lastKnownFileType = sourcecode.swift; path = LoadingCell.swift; sourceTree = "<group>"; };
		AB70066B26F33BD4008D64CE /* Article.swift */ = {isa = PBXFileReference; lastKnownFileType = sourcecode.swift; path = Article.swift; sourceTree = "<group>"; };
		AB70066D26F33BE4008D64CE /* NewsAPIResponses.swift */ = {isa = PBXFileReference; lastKnownFileType = sourcecode.swift; path = NewsAPIResponses.swift; sourceTree = "<group>"; };
		AB70066F26F33C27008D64CE /* Source.swift */ = {isa = PBXFileReference; lastKnownFileType = sourcecode.swift; path = Source.swift; sourceTree = "<group>"; };
		AB70067126F33C4C008D64CE /* SortBy.swift */ = {isa = PBXFileReference; lastKnownFileType = sourcecode.swift; path = SortBy.swift; sourceTree = "<group>"; };
		AB70067326F33D28008D64CE /* Category.swift */ = {isa = PBXFileReference; lastKnownFileType = sourcecode.swift; path = Category.swift; sourceTree = "<group>"; };
		AB70067526F33D3E008D64CE /* Country.swift */ = {isa = PBXFileReference; lastKnownFileType = sourcecode.swift; path = Country.swift; sourceTree = "<group>"; };
		ABB5F1BE26F2526100EA04C7 /* TestTaskPecode.app */ = {isa = PBXFileReference; explicitFileType = wrapper.application; includeInIndex = 0; path = TestTaskPecode.app; sourceTree = BUILT_PRODUCTS_DIR; };
		ABB5F1C126F2526100EA04C7 /* AppDelegate.swift */ = {isa = PBXFileReference; lastKnownFileType = sourcecode.swift; path = AppDelegate.swift; sourceTree = "<group>"; };
		ABB5F1C326F2526100EA04C7 /* SceneDelegate.swift */ = {isa = PBXFileReference; lastKnownFileType = sourcecode.swift; path = SceneDelegate.swift; sourceTree = "<group>"; };
		ABB5F1C526F2526100EA04C7 /* MainViewController.swift */ = {isa = PBXFileReference; lastKnownFileType = sourcecode.swift; path = MainViewController.swift; sourceTree = "<group>"; };
		ABB5F1C826F2526100EA04C7 /* Base */ = {isa = PBXFileReference; lastKnownFileType = file.storyboard; name = Base; path = Base.lproj/Main.storyboard; sourceTree = "<group>"; };
		ABB5F1CA26F2526400EA04C7 /* Assets.xcassets */ = {isa = PBXFileReference; lastKnownFileType = folder.assetcatalog; path = Assets.xcassets; sourceTree = "<group>"; };
		ABB5F1CD26F2526400EA04C7 /* Base */ = {isa = PBXFileReference; lastKnownFileType = file.storyboard; name = Base; path = Base.lproj/LaunchScreen.storyboard; sourceTree = "<group>"; };
		ABB5F1CF26F2526400EA04C7 /* Info.plist */ = {isa = PBXFileReference; lastKnownFileType = text.plist.xml; path = Info.plist; sourceTree = "<group>"; };
		ABB5F1DA26F26E9100EA04C7 /* NewsAPIClient.swift */ = {isa = PBXFileReference; lastKnownFileType = sourcecode.swift; path = NewsAPIClient.swift; sourceTree = "<group>"; };
		ABD60E5F27099CB8003FC299 /* FavoritesViewController.swift */ = {isa = PBXFileReference; lastKnownFileType = sourcecode.swift; path = FavoritesViewController.swift; sourceTree = "<group>"; };
		ABE22617270AFFE600DF2ED7 /* RealmSwift.framework */ = {isa = PBXFileReference; explicitFileType = wrapper.framework; path = RealmSwift.framework; sourceTree = BUILT_PRODUCTS_DIR; };
		ABE2261B270B017600DF2ED7 /* RealmSwift.framework */ = {isa = PBXFileReference; explicitFileType = wrapper.framework; path = RealmSwift.framework; sourceTree = BUILT_PRODUCTS_DIR; };
		ABE2261F270B018900DF2ED7 /* Realm.framework */ = {isa = PBXFileReference; explicitFileType = wrapper.framework; path = Realm.framework; sourceTree = BUILT_PRODUCTS_DIR; };
		ABEA17D626F4AC370013B5D0 /* FilterPopoverViewController.swift */ = {isa = PBXFileReference; lastKnownFileType = sourcecode.swift; path = FilterPopoverViewController.swift; sourceTree = "<group>"; };
		ABF1C3E72707531E00959F93 /* NewsTableViewCell.xib */ = {isa = PBXFileReference; lastKnownFileType = file.xib; path = NewsTableViewCell.xib; sourceTree = "<group>"; };
		ABF1C3EB270772A900959F93 /* CustomViewController.swift */ = {isa = PBXFileReference; lastKnownFileType = sourcecode.swift; path = CustomViewController.swift; sourceTree = "<group>"; };
		B4DF59ECBA309D8B33C69F5D /* Pods-TestTaskPecode.release.xcconfig */ = {isa = PBXFileReference; includeInIndex = 1; lastKnownFileType = text.xcconfig; name = "Pods-TestTaskPecode.release.xcconfig"; path = "Target Support Files/Pods-TestTaskPecode/Pods-TestTaskPecode.release.xcconfig"; sourceTree = "<group>"; };
		BA898AC5B726E083E3A5F30F /* Pods-TestTaskPecode.debug.xcconfig */ = {isa = PBXFileReference; includeInIndex = 1; lastKnownFileType = text.xcconfig; name = "Pods-TestTaskPecode.debug.xcconfig"; path = "Target Support Files/Pods-TestTaskPecode/Pods-TestTaskPecode.debug.xcconfig"; sourceTree = "<group>"; };
		EC814B47745288A00CA5C401 /* Pods_TestTaskPecode.framework */ = {isa = PBXFileReference; explicitFileType = wrapper.framework; includeInIndex = 0; path = Pods_TestTaskPecode.framework; sourceTree = BUILT_PRODUCTS_DIR; };
/* End PBXFileReference section */

/* Begin PBXFrameworksBuildPhase section */
		ABB5F1BB26F2526100EA04C7 /* Frameworks */ = {
			isa = PBXFrameworksBuildPhase;
			buildActionMask = 2147483647;
			files = (
				5F30D5A86A71D0BB0369055C /* Pods_TestTaskPecode.framework in Frameworks */,
			);
			runOnlyForDeploymentPostprocessing = 0;
		};
/* End PBXFrameworksBuildPhase section */

/* Begin PBXGroup section */
		AB70066926F33BA1008D64CE /* NewsAPI */ = {
			isa = PBXGroup;
			children = (
				AB70066A26F33BC7008D64CE /* Models */,
				ABB5F1DA26F26E9100EA04C7 /* NewsAPIClient.swift */,
				AB70066D26F33BE4008D64CE /* NewsAPIResponses.swift */,
			);
			path = NewsAPI;
			sourceTree = "<group>";
		};
		AB70066A26F33BC7008D64CE /* Models */ = {
			isa = PBXGroup;
			children = (
				AB70066B26F33BD4008D64CE /* Article.swift */,
				AB70066F26F33C27008D64CE /* Source.swift */,
				AB70067126F33C4C008D64CE /* SortBy.swift */,
				AB70067326F33D28008D64CE /* Category.swift */,
				AB70067526F33D3E008D64CE /* Country.swift */,
			);
			path = Models;
			sourceTree = "<group>";
		};
		ABB5F1B526F2526000EA04C7 = {
			isa = PBXGroup;
			children = (
				ABB5F1C026F2526100EA04C7 /* TestTaskPecode */,
				ABB5F1BF26F2526100EA04C7 /* Products */,
				BCDBAA0A76EF8A0CC7E302E5 /* Pods */,
				DF2EF7AC29610E3AF1537CB6 /* Frameworks */,
			);
			sourceTree = "<group>";
		};
		ABB5F1BF26F2526100EA04C7 /* Products */ = {
			isa = PBXGroup;
			children = (
				ABB5F1BE26F2526100EA04C7 /* TestTaskPecode.app */,
			);
			name = Products;
			sourceTree = "<group>";
		};
		ABB5F1C026F2526100EA04C7 /* TestTaskPecode */ = {
			isa = PBXGroup;
			children = (
				AB70066926F33BA1008D64CE /* NewsAPI */,
				ABB5F1D526F2530800EA04C7 /* UI */,
				ABB5F1D626F2534B00EA04C7 /* Models */,
				ABB5F1C326F2526100EA04C7 /* SceneDelegate.swift */,
				ABB5F1CF26F2526400EA04C7 /* Info.plist */,
				ABB5F1D726F2537100EA04C7 /* Suporting files */,
			);
			path = TestTaskPecode;
			sourceTree = "<group>";
		};
		ABB5F1D526F2530800EA04C7 /* UI */ = {
			isa = PBXGroup;
			children = (
				ABB5F1C526F2526100EA04C7 /* MainViewController.swift */,
				ABB5F1C726F2526100EA04C7 /* Main.storyboard */,
				ABEA17D626F4AC370013B5D0 /* FilterPopoverViewController.swift */,
				ABF1C3E72707531E00959F93 /* NewsTableViewCell.xib */,
				AB4E051E2705B8C100219B1B /* NewsTableViewCell.swift */,
				AB6ED5E8270738CF00421DAD /* LoadingCell.swift */,
				ABF1C3EB270772A900959F93 /* CustomViewController.swift */,
				ABD60E5F27099CB8003FC299 /* FavoritesViewController.swift */,
			);
			path = UI;
			sourceTree = "<group>";
		};
		ABB5F1D626F2534B00EA04C7 /* Models */ = {
			isa = PBXGroup;
			children = (
				AB52C78A26FDDBE800278771 /* SearchModel.swift */,
				AB52C78C26FDE00A00278771 /* SearchModelController.swift */,
				AB0930662703743C00605EED /* NameableAndIdentifiable.swift */,
				AB4E0520270609F800219B1B /* ActivityIndicator.swift */,
				AB1500A7270AFAF600268417 /* FavoriteNewsData.swift */,
			);
			path = Models;
			sourceTree = "<group>";
		};
		ABB5F1D726F2537100EA04C7 /* Suporting files */ = {
			isa = PBXGroup;
			children = (
				ABB5F1C126F2526100EA04C7 /* AppDelegate.swift */,
				ABB5F1CA26F2526400EA04C7 /* Assets.xcassets */,
				ABB5F1CC26F2526400EA04C7 /* LaunchScreen.storyboard */,
			);
			path = "Suporting files";
			sourceTree = "<group>";
		};
		BCDBAA0A76EF8A0CC7E302E5 /* Pods */ = {
			isa = PBXGroup;
			children = (
				BA898AC5B726E083E3A5F30F /* Pods-TestTaskPecode.debug.xcconfig */,
				B4DF59ECBA309D8B33C69F5D /* Pods-TestTaskPecode.release.xcconfig */,
			);
			path = Pods;
			sourceTree = "<group>";
		};
		DF2EF7AC29610E3AF1537CB6 /* Frameworks */ = {
			isa = PBXGroup;
			children = (
				ABE2261F270B018900DF2ED7 /* Realm.framework */,
				ABE2261B270B017600DF2ED7 /* RealmSwift.framework */,
				ABE22617270AFFE600DF2ED7 /* RealmSwift.framework */,
				EC814B47745288A00CA5C401 /* Pods_TestTaskPecode.framework */,
			);
			name = Frameworks;
			sourceTree = "<group>";
		};
/* End PBXGroup section */

/* Begin PBXNativeTarget section */
		ABB5F1BD26F2526100EA04C7 /* TestTaskPecode */ = {
			isa = PBXNativeTarget;
			buildConfigurationList = ABB5F1D226F2526400EA04C7 /* Build configuration list for PBXNativeTarget "TestTaskPecode" */;
			buildPhases = (
				CA73CE5B12118BB771431E24 /* [CP] Check Pods Manifest.lock */,
				ABB5F1BA26F2526100EA04C7 /* Sources */,
				ABB5F1BB26F2526100EA04C7 /* Frameworks */,
				ABB5F1BC26F2526100EA04C7 /* Resources */,
				1E77760A25C7ECE30311CBD3 /* [CP] Embed Pods Frameworks */,
			);
			buildRules = (
			);
			dependencies = (
			);
			name = TestTaskPecode;
			productName = TestTaskPecode;
			productReference = ABB5F1BE26F2526100EA04C7 /* TestTaskPecode.app */;
			productType = "com.apple.product-type.application";
		};
/* End PBXNativeTarget section */

/* Begin PBXProject section */
		ABB5F1B626F2526000EA04C7 /* Project object */ = {
			isa = PBXProject;
			attributes = {
				LastSwiftUpdateCheck = 1250;
				LastUpgradeCheck = 1250;
				TargetAttributes = {
					ABB5F1BD26F2526100EA04C7 = {
						CreatedOnToolsVersion = 12.5;
					};
				};
			};
			buildConfigurationList = ABB5F1B926F2526000EA04C7 /* Build configuration list for PBXProject "TestTaskPecode" */;
			compatibilityVersion = "Xcode 9.3";
			developmentRegion = en;
			hasScannedForEncodings = 0;
			knownRegions = (
				en,
				Base,
			);
			mainGroup = ABB5F1B526F2526000EA04C7;
			productRefGroup = ABB5F1BF26F2526100EA04C7 /* Products */;
			projectDirPath = "";
			projectRoot = "";
			targets = (
				ABB5F1BD26F2526100EA04C7 /* TestTaskPecode */,
			);
		};
/* End PBXProject section */

/* Begin PBXResourcesBuildPhase section */
		ABB5F1BC26F2526100EA04C7 /* Resources */ = {
			isa = PBXResourcesBuildPhase;
			buildActionMask = 2147483647;
			files = (
				ABB5F1CE26F2526400EA04C7 /* LaunchScreen.storyboard in Resources */,
				ABB5F1CB26F2526400EA04C7 /* Assets.xcassets in Resources */,
				ABF1C3E82707531E00959F93 /* NewsTableViewCell.xib in Resources */,
				ABB5F1C926F2526100EA04C7 /* Main.storyboard in Resources */,
			);
			runOnlyForDeploymentPostprocessing = 0;
		};
/* End PBXResourcesBuildPhase section */

/* Begin PBXShellScriptBuildPhase section */
		1E77760A25C7ECE30311CBD3 /* [CP] Embed Pods Frameworks */ = {
			isa = PBXShellScriptBuildPhase;
			buildActionMask = 2147483647;
			files = (
			);
			inputFileListPaths = (
				"${PODS_ROOT}/Target Support Files/Pods-TestTaskPecode/Pods-TestTaskPecode-frameworks-${CONFIGURATION}-input-files.xcfilelist",
			);
			name = "[CP] Embed Pods Frameworks";
			outputFileListPaths = (
				"${PODS_ROOT}/Target Support Files/Pods-TestTaskPecode/Pods-TestTaskPecode-frameworks-${CONFIGURATION}-output-files.xcfilelist",
			);
			runOnlyForDeploymentPostprocessing = 0;
			shellPath = /bin/sh;
			shellScript = "\"${PODS_ROOT}/Target Support Files/Pods-TestTaskPecode/Pods-TestTaskPecode-frameworks.sh\"\n";
			showEnvVarsInLog = 0;
		};
		CA73CE5B12118BB771431E24 /* [CP] Check Pods Manifest.lock */ = {
			isa = PBXShellScriptBuildPhase;
			buildActionMask = 2147483647;
			files = (
			);
			inputFileListPaths = (
			);
			inputPaths = (
				"${PODS_PODFILE_DIR_PATH}/Podfile.lock",
				"${PODS_ROOT}/Manifest.lock",
			);
			name = "[CP] Check Pods Manifest.lock";
			outputFileListPaths = (
			);
			outputPaths = (
				"$(DERIVED_FILE_DIR)/Pods-TestTaskPecode-checkManifestLockResult.txt",
			);
			runOnlyForDeploymentPostprocessing = 0;
			shellPath = /bin/sh;
			shellScript = "diff \"${PODS_PODFILE_DIR_PATH}/Podfile.lock\" \"${PODS_ROOT}/Manifest.lock\" > /dev/null\nif [ $? != 0 ] ; then\n    # print error to STDERR\n    echo \"error: The sandbox is not in sync with the Podfile.lock. Run 'pod install' or update your CocoaPods installation.\" >&2\n    exit 1\nfi\n# This output is used by Xcode 'outputs' to avoid re-running this script phase.\necho \"SUCCESS\" > \"${SCRIPT_OUTPUT_FILE_0}\"\n";
			showEnvVarsInLog = 0;
		};
/* End PBXShellScriptBuildPhase section */

/* Begin PBXSourcesBuildPhase section */
		ABB5F1BA26F2526100EA04C7 /* Sources */ = {
			isa = PBXSourcesBuildPhase;
			buildActionMask = 2147483647;
			files = (
				AB1500A8270AFAF600268417 /* FavoriteNewsData.swift in Sources */,
				AB70067026F33C27008D64CE /* Source.swift in Sources */,
				AB70067426F33D28008D64CE /* Category.swift in Sources */,
				AB4E051F2705B8C100219B1B /* NewsTableViewCell.swift in Sources */,
				AB70066E26F33BE4008D64CE /* NewsAPIResponses.swift in Sources */,
				ABEA17D726F4AC370013B5D0 /* FilterPopoverViewController.swift in Sources */,
				AB52C78D26FDE00A00278771 /* SearchModelController.swift in Sources */,
				ABB5F1C626F2526100EA04C7 /* MainViewController.swift in Sources */,
				ABB5F1DB26F26E9100EA04C7 /* NewsAPIClient.swift in Sources */,
				AB0930672703743C00605EED /* NameableAndIdentifiable.swift in Sources */,
				ABF1C3EC270772A900959F93 /* CustomViewController.swift in Sources */,
				ABD60E6027099CB8003FC299 /* FavoritesViewController.swift in Sources */,
				AB70066C26F33BD4008D64CE /* Article.swift in Sources */,
				AB70067626F33D3E008D64CE /* Country.swift in Sources */,
				AB6ED5E9270738CF00421DAD /* LoadingCell.swift in Sources */,
				AB70067226F33C4C008D64CE /* SortBy.swift in Sources */,
				AB4E0521270609F800219B1B /* ActivityIndicator.swift in Sources */,
				ABB5F1C226F2526100EA04C7 /* AppDelegate.swift in Sources */,
				ABB5F1C426F2526100EA04C7 /* SceneDelegate.swift in Sources */,
				AB52C78B26FDDBE800278771 /* SearchModel.swift in Sources */,
			);
			runOnlyForDeploymentPostprocessing = 0;
		};
/* End PBXSourcesBuildPhase section */

/* Begin PBXVariantGroup section */
		ABB5F1C726F2526100EA04C7 /* Main.storyboard */ = {
			isa = PBXVariantGroup;
			children = (
				ABB5F1C826F2526100EA04C7 /* Base */,
			);
			name = Main.storyboard;
			sourceTree = "<group>";
		};
		ABB5F1CC26F2526400EA04C7 /* LaunchScreen.storyboard */ = {
			isa = PBXVariantGroup;
			children = (
				ABB5F1CD26F2526400EA04C7 /* Base */,
			);
			name = LaunchScreen.storyboard;
			sourceTree = "<group>";
		};
/* End PBXVariantGroup section */

/* Begin XCBuildConfiguration section */
		ABB5F1D026F2526400EA04C7 /* Debug */ = {
			isa = XCBuildConfiguration;
			buildSettings = {
				ALWAYS_SEARCH_USER_PATHS = NO;
				CLANG_ANALYZER_NONNULL = YES;
				CLANG_ANALYZER_NUMBER_OBJECT_CONVERSION = YES_AGGRESSIVE;
				CLANG_CXX_LANGUAGE_STANDARD = "gnu++14";
				CLANG_CXX_LIBRARY = "libc++";
				CLANG_ENABLE_MODULES = YES;
				CLANG_ENABLE_OBJC_ARC = YES;
				CLANG_ENABLE_OBJC_WEAK = YES;
				CLANG_WARN_BLOCK_CAPTURE_AUTORELEASING = YES;
				CLANG_WARN_BOOL_CONVERSION = YES;
				CLANG_WARN_COMMA = YES;
				CLANG_WARN_CONSTANT_CONVERSION = YES;
				CLANG_WARN_DEPRECATED_OBJC_IMPLEMENTATIONS = YES;
				CLANG_WARN_DIRECT_OBJC_ISA_USAGE = YES_ERROR;
				CLANG_WARN_DOCUMENTATION_COMMENTS = YES;
				CLANG_WARN_EMPTY_BODY = YES;
				CLANG_WARN_ENUM_CONVERSION = YES;
				CLANG_WARN_INFINITE_RECURSION = YES;
				CLANG_WARN_INT_CONVERSION = YES;
				CLANG_WARN_NON_LITERAL_NULL_CONVERSION = YES;
				CLANG_WARN_OBJC_IMPLICIT_RETAIN_SELF = YES;
				CLANG_WARN_OBJC_LITERAL_CONVERSION = YES;
				CLANG_WARN_OBJC_ROOT_CLASS = YES_ERROR;
				CLANG_WARN_QUOTED_INCLUDE_IN_FRAMEWORK_HEADER = YES;
				CLANG_WARN_RANGE_LOOP_ANALYSIS = YES;
				CLANG_WARN_STRICT_PROTOTYPES = YES;
				CLANG_WARN_SUSPICIOUS_MOVE = YES;
				CLANG_WARN_UNGUARDED_AVAILABILITY = YES_AGGRESSIVE;
				CLANG_WARN_UNREACHABLE_CODE = YES;
				CLANG_WARN__DUPLICATE_METHOD_MATCH = YES;
				COPY_PHASE_STRIP = NO;
				DEBUG_INFORMATION_FORMAT = dwarf;
				ENABLE_STRICT_OBJC_MSGSEND = YES;
				ENABLE_TESTABILITY = YES;
				GCC_C_LANGUAGE_STANDARD = gnu11;
				GCC_DYNAMIC_NO_PIC = NO;
				GCC_NO_COMMON_BLOCKS = YES;
				GCC_OPTIMIZATION_LEVEL = 0;
				GCC_PREPROCESSOR_DEFINITIONS = (
					"DEBUG=1",
					"$(inherited)",
				);
				GCC_WARN_64_TO_32_BIT_CONVERSION = YES;
				GCC_WARN_ABOUT_RETURN_TYPE = YES_ERROR;
				GCC_WARN_UNDECLARED_SELECTOR = YES;
				GCC_WARN_UNINITIALIZED_AUTOS = YES_AGGRESSIVE;
				GCC_WARN_UNUSED_FUNCTION = YES;
				GCC_WARN_UNUSED_VARIABLE = YES;
				IPHONEOS_DEPLOYMENT_TARGET = 14.5;
				MTL_ENABLE_DEBUG_INFO = INCLUDE_SOURCE;
				MTL_FAST_MATH = YES;
				ONLY_ACTIVE_ARCH = YES;
				SDKROOT = iphoneos;
				SWIFT_ACTIVE_COMPILATION_CONDITIONS = DEBUG;
				SWIFT_OPTIMIZATION_LEVEL = "-Onone";
			};
			name = Debug;
		};
		ABB5F1D126F2526400EA04C7 /* Release */ = {
			isa = XCBuildConfiguration;
			buildSettings = {
				ALWAYS_SEARCH_USER_PATHS = NO;
				CLANG_ANALYZER_NONNULL = YES;
				CLANG_ANALYZER_NUMBER_OBJECT_CONVERSION = YES_AGGRESSIVE;
				CLANG_CXX_LANGUAGE_STANDARD = "gnu++14";
				CLANG_CXX_LIBRARY = "libc++";
				CLANG_ENABLE_MODULES = YES;
				CLANG_ENABLE_OBJC_ARC = YES;
				CLANG_ENABLE_OBJC_WEAK = YES;
				CLANG_WARN_BLOCK_CAPTURE_AUTORELEASING = YES;
				CLANG_WARN_BOOL_CONVERSION = YES;
				CLANG_WARN_COMMA = YES;
				CLANG_WARN_CONSTANT_CONVERSION = YES;
				CLANG_WARN_DEPRECATED_OBJC_IMPLEMENTATIONS = YES;
				CLANG_WARN_DIRECT_OBJC_ISA_USAGE = YES_ERROR;
				CLANG_WARN_DOCUMENTATION_COMMENTS = YES;
				CLANG_WARN_EMPTY_BODY = YES;
				CLANG_WARN_ENUM_CONVERSION = YES;
				CLANG_WARN_INFINITE_RECURSION = YES;
				CLANG_WARN_INT_CONVERSION = YES;
				CLANG_WARN_NON_LITERAL_NULL_CONVERSION = YES;
				CLANG_WARN_OBJC_IMPLICIT_RETAIN_SELF = YES;
				CLANG_WARN_OBJC_LITERAL_CONVERSION = YES;
				CLANG_WARN_OBJC_ROOT_CLASS = YES_ERROR;
				CLANG_WARN_QUOTED_INCLUDE_IN_FRAMEWORK_HEADER = YES;
				CLANG_WARN_RANGE_LOOP_ANALYSIS = YES;
				CLANG_WARN_STRICT_PROTOTYPES = YES;
				CLANG_WARN_SUSPICIOUS_MOVE = YES;
				CLANG_WARN_UNGUARDED_AVAILABILITY = YES_AGGRESSIVE;
				CLANG_WARN_UNREACHABLE_CODE = YES;
				CLANG_WARN__DUPLICATE_METHOD_MATCH = YES;
				COPY_PHASE_STRIP = NO;
				DEBUG_INFORMATION_FORMAT = "dwarf-with-dsym";
				ENABLE_NS_ASSERTIONS = NO;
				ENABLE_STRICT_OBJC_MSGSEND = YES;
				GCC_C_LANGUAGE_STANDARD = gnu11;
				GCC_NO_COMMON_BLOCKS = YES;
				GCC_WARN_64_TO_32_BIT_CONVERSION = YES;
				GCC_WARN_ABOUT_RETURN_TYPE = YES_ERROR;
				GCC_WARN_UNDECLARED_SELECTOR = YES;
				GCC_WARN_UNINITIALIZED_AUTOS = YES_AGGRESSIVE;
				GCC_WARN_UNUSED_FUNCTION = YES;
				GCC_WARN_UNUSED_VARIABLE = YES;
				IPHONEOS_DEPLOYMENT_TARGET = 14.5;
				MTL_ENABLE_DEBUG_INFO = NO;
				MTL_FAST_MATH = YES;
				SDKROOT = iphoneos;
				SWIFT_COMPILATION_MODE = wholemodule;
				SWIFT_OPTIMIZATION_LEVEL = "-O";
				VALIDATE_PRODUCT = YES;
			};
			name = Release;
		};
		ABB5F1D326F2526400EA04C7 /* Debug */ = {
			isa = XCBuildConfiguration;
			baseConfigurationReference = BA898AC5B726E083E3A5F30F /* Pods-TestTaskPecode.debug.xcconfig */;
			buildSettings = {
				ASSETCATALOG_COMPILER_APPICON_NAME = AppIcon;
				ASSETCATALOG_COMPILER_GLOBAL_ACCENT_COLOR_NAME = AccentColor;
				CODE_SIGN_STYLE = Automatic;
				DEVELOPMENT_TEAM = D7BF3SY5ZC;
				INFOPLIST_FILE = TestTaskPecode/Info.plist;
				LD_RUNPATH_SEARCH_PATHS = (
					"$(inherited)",
					"@executable_path/Frameworks",
				);
				PRODUCT_BUNDLE_IDENTIFIER = me.TestTaskPecode;
				PRODUCT_NAME = "$(TARGET_NAME)";
				SWIFT_VERSION = 5.0;
				TARGETED_DEVICE_FAMILY = "1,2";
			};
			name = Debug;
		};
		ABB5F1D426F2526400EA04C7 /* Release */ = {
			isa = XCBuildConfiguration;
			baseConfigurationReference = B4DF59ECBA309D8B33C69F5D /* Pods-TestTaskPecode.release.xcconfig */;
			buildSettings = {
				ASSETCATALOG_COMPILER_APPICON_NAME = AppIcon;
				ASSETCATALOG_COMPILER_GLOBAL_ACCENT_COLOR_NAME = AccentColor;
				CODE_SIGN_STYLE = Automatic;
				DEVELOPMENT_TEAM = D7BF3SY5ZC;
				INFOPLIST_FILE = TestTaskPecode/Info.plist;
				LD_RUNPATH_SEARCH_PATHS = (
					"$(inherited)",
					"@executable_path/Frameworks",
				);
				PRODUCT_BUNDLE_IDENTIFIER = me.TestTaskPecode;
				PRODUCT_NAME = "$(TARGET_NAME)";
				SWIFT_VERSION = 5.0;
				TARGETED_DEVICE_FAMILY = "1,2";
			};
			name = Release;
		};
/* End XCBuildConfiguration section */

/* Begin XCConfigurationList section */
		ABB5F1B926F2526000EA04C7 /* Build configuration list for PBXProject "TestTaskPecode" */ = {
			isa = XCConfigurationList;
			buildConfigurations = (
				ABB5F1D026F2526400EA04C7 /* Debug */,
				ABB5F1D126F2526400EA04C7 /* Release */,
			);
			defaultConfigurationIsVisible = 0;
			defaultConfigurationName = Release;
		};
		ABB5F1D226F2526400EA04C7 /* Build configuration list for PBXNativeTarget "TestTaskPecode" */ = {
			isa = XCConfigurationList;
			buildConfigurations = (
				ABB5F1D326F2526400EA04C7 /* Debug */,
				ABB5F1D426F2526400EA04C7 /* Release */,
			);
			defaultConfigurationIsVisible = 0;
			defaultConfigurationName = Release;
		};
/* End XCConfigurationList section */
	};
	rootObject = ABB5F1B626F2526000EA04C7 /* Project object */;
}
